
Microsoft Visual Studio Solution File, Format Version 12.00
# Visual Studio Version 16
VisualStudioVersion = 16.0.29215.179
MinimumVisualStudioVersion = 10.0.40219.1
Project("{2150E333-8FDC-42A3-9474-1A3956D46DE8}") = "src", "src", "{2B842F32-DC60-464B-BFA1-4EBB6B361DA6}"
EndProject
Project("{2150E333-8FDC-42A3-9474-1A3956D46DE8}") = "Services", "Services", "{DF47DE33-AC67-48D1-A587-8D04F16B0991}"
EndProject
Project("{2150E333-8FDC-42A3-9474-1A3956D46DE8}") = "Web", "Web", "{3B0E3E6E-9CE1-4888-A92E-A864178AE787}"
EndProject
Project("{FAE04EC0-301F-11D3-BF4B-00C04F79EFBC}") = "EventCatalogAPI", "EventCatalogAPI\EventCatalogAPI.csproj", "{CB0C685F-80F2-44BB-A5F1-5576694D6722}"
EndProject
Global
	GlobalSection(SolutionConfigurationPlatforms) = preSolution
		Debug|Any CPU = Debug|Any CPU
		Release|Any CPU = Release|Any CPU
	EndGlobalSection
	GlobalSection(ProjectConfigurationPlatforms) = postSolution
		{CB0C685F-80F2-44BB-A5F1-5576694D6722}.Debug|Any CPU.ActiveCfg = Debug|Any CPU
		{CB0C685F-80F2-44BB-A5F1-5576694D6722}.Debug|Any CPU.Build.0 = Debug|Any CPU
		{CB0C685F-80F2-44BB-A5F1-5576694D6722}.Release|Any CPU.ActiveCfg = Release|Any CPU
		{CB0C685F-80F2-44BB-A5F1-5576694D6722}.Release|Any CPU.Build.0 = Release|Any CPU
	EndGlobalSection
	GlobalSection(SolutionProperties) = preSolution
		HideSolutionNode = FALSE
	EndGlobalSection
	GlobalSection(NestedProjects) = preSolution
		{DF47DE33-AC67-48D1-A587-8D04F16B0991} = {2B842F32-DC60-464B-BFA1-4EBB6B361DA6}
		{3B0E3E6E-9CE1-4888-A92E-A864178AE787} = {2B842F32-DC60-464B-BFA1-4EBB6B361DA6}
		{CB0C685F-80F2-44BB-A5F1-5576694D6722} = {DF47DE33-AC67-48D1-A587-8D04F16B0991}
	EndGlobalSection
	GlobalSection(ExtensibilityGlobals) = postSolution
		SolutionGuid = {99017D0B-7B2F-4FA5-AB01-64739FBEB689}
	EndGlobalSection
EndGlobal
